
Microsoft Visual Studio Solution File, Format Version 12.00
# Visual Studio Version 17
VisualStudioVersion = 17.5.33424.131
MinimumVisualStudioVersion = 10.0.40219.1
Project("{9A19103F-16F7-4668-BE54-9A1E7A4F7556}") = "BookingSystemFormApp", "BookingSystemFormApp\BookingSystemFormApp.csproj", "{C625F010-082A-4233-A432-E859E16B4DFC}"
EndProject
Global
	GlobalSection(SolutionConfigurationPlatforms) = preSolution
		Debug|Any CPU = Debug|Any CPU
		Release|Any CPU = Release|Any CPU
	EndGlobalSection
	GlobalSection(ProjectConfigurationPlatforms) = postSolution
		{C625F010-082A-4233-A432-E859E16B4DFC}.Debug|Any CPU.ActiveCfg = Debug|Any CPU
		{C625F010-082A-4233-A432-E859E16B4DFC}.Debug|Any CPU.Build.0 = Debug|Any CPU
		{C625F010-082A-4233-A432-E859E16B4DFC}.Release|Any CPU.ActiveCfg = Release|Any CPU
		{C625F010-082A-4233-A432-E859E16B4DFC}.Release|Any CPU.Build.0 = Release|Any CPU
	EndGlobalSection
	GlobalSection(SolutionProperties) = preSolution
		HideSolutionNode = FALSE
	EndGlobalSection
	GlobalSection(ExtensibilityGlobals) = postSolution
		SolutionGuid = {4DF10DAA-A604-4360-9389-95EF5D9A6738}
	EndGlobalSection
EndGlobal
